{
  "name": "@rfazlur/fdnqa",
  "version": "1.0.3",
  "lockfileVersion": 3,
  "requires": true,
  "packages": {
    "": {
      "name": "@rfazlur/fdnqa",
      "version": "1.0.3",
      "license": "MIT",
      "bin": {
        "fdnqa": "bin/install.js",
        "fdnqa-uninstall": "bin/uninstall.js"
      },
      "engines": {
        "node": ">=18"
      }
    }
  }
}
